
Microsoft Visual Studio Solution File, Format Version 12.00
# Visual Studio 15
VisualStudioVersion = 15.0.28307.329
MinimumVisualStudioVersion = 10.0.40219.1
Project("{FAE04EC0-301F-11D3-BF4B-00C04F79EFBC}") = "CoreMVC", "CoreMVC\CoreMVC.csproj", "{8C5E822C-0F31-47D8-81E3-61D06EF1C36E}"
EndProject
Global
	GlobalSection(SolutionConfigurationPlatforms) = preSolution
		Debug|Any CPU = Debug|Any CPU
		Release|Any CPU = Release|Any CPU
	EndGlobalSection
	GlobalSection(ProjectConfigurationPlatforms) = postSolution
		{8C5E822C-0F31-47D8-81E3-61D06EF1C36E}.Debug|Any CPU.ActiveCfg = Debug|Any CPU
		{8C5E822C-0F31-47D8-81E3-61D06EF1C36E}.Debug|Any CPU.Build.0 = Debug|Any CPU
		{8C5E822C-0F31-47D8-81E3-61D06EF1C36E}.Release|Any CPU.ActiveCfg = Release|Any CPU
		{8C5E822C-0F31-47D8-81E3-61D06EF1C36E}.Release|Any CPU.Build.0 = Release|Any CPU
	EndGlobalSection
	GlobalSection(SolutionProperties) = preSolution
		HideSolutionNode = FALSE
	EndGlobalSection
	GlobalSection(ExtensibilityGlobals) = postSolution
		SolutionGuid = {ABDE2366-8A41-472A-8F21-6D8BAFFF89E0}
	EndGlobalSection
EndGlobal
